// !$*UTF8*$!
{
	archiveVersion = 1;
	classes = {
	};
	objectVersion = 50;
	objects = {

/* Begin PBXBuildFile section */
		04EDDC1F1BFB189642B595DB /* libPods-RunloopLearning.a in Frameworks */ = {isa = PBXBuildFile; fileRef = 24C2EDACB72D839E8F6D7652 /* libPods-RunloopLearning.a */; };
		1001D9E6222E0BD000E5EBEF /* AppDelegate.m in Sources */ = {isa = PBXBuildFile; fileRef = 1001D9E5222E0BD000E5EBEF /* AppDelegate.m */; };
		1001D9E9222E0BD000E5EBEF /* ViewController.m in Sources */ = {isa = PBXBuildFile; fileRef = 1001D9E8222E0BD000E5EBEF /* ViewController.m */; };
		1001D9EC222E0BD000E5EBEF /* Main.storyboard in Resources */ = {isa = PBXBuildFile; fileRef = 1001D9EA222E0BD000E5EBEF /* Main.storyboard */; };
		1001D9EE222E0BD200E5EBEF /* Assets.xcassets in Resources */ = {isa = PBXBuildFile; fileRef = 1001D9ED222E0BD200E5EBEF /* Assets.xcassets */; };
		1001D9F1222E0BD200E5EBEF /* LaunchScreen.storyboard in Resources */ = {isa = PBXBuildFile; fileRef = 1001D9EF222E0BD200E5EBEF /* LaunchScreen.storyboard */; };
		1001D9F4222E0BD200E5EBEF /* main.m in Sources */ = {isa = PBXBuildFile; fileRef = 1001D9F3222E0BD200E5EBEF /* main.m */; };
		1001D9FE222E0BD200E5EBEF /* RunloopLearningTests.m in Sources */ = {isa = PBXBuildFile; fileRef = 1001D9FD222E0BD200E5EBEF /* RunloopLearningTests.m */; };
		10F2DB582396328D00BA107A /* HCUncaughtExceptionHandler.m in Sources */ = {isa = PBXBuildFile; fileRef = 10F2DB572396328D00BA107A /* HCUncaughtExceptionHandler.m */; };
		10F2DB5B2396630A00BA107A /* HCSignalHandler.m in Sources */ = {isa = PBXBuildFile; fileRef = 10F2DB5A2396630A00BA107A /* HCSignalHandler.m */; };
/* End PBXBuildFile section */

/* Begin PBXContainerItemProxy section */
		1001D9FA222E0BD200E5EBEF /* PBXContainerItemProxy */ = {
			isa = PBXContainerItemProxy;
			containerPortal = 1001D9D9222E0BD000E5EBEF /* Project object */;
			proxyType = 1;
			remoteGlobalIDString = 1001D9E0222E0BD000E5EBEF;
			remoteInfo = RunloopLearning;
		};
/* End PBXContainerItemProxy section */

/* Begin PBXFileReference section */
		1001D9E1222E0BD000E5EBEF /* RunloopLearning.app */ = {isa = PBXFileReference; explicitFileType = wrapper.application; includeInIndex = 0; path = RunloopLearning.app; sourceTree = BUILT_PRODUCTS_DIR; };
		1001D9E4222E0BD000E5EBEF /* AppDelegate.h */ = {isa = PBXFileReference; lastKnownFileType = sourcecode.c.h; path = AppDelegate.h; sourceTree = "<group>"; };
		1001D9E5222E0BD000E5EBEF /* AppDelegate.m */ = {isa = PBXFileReference; lastKnownFileType = sourcecode.c.objc; path = AppDelegate.m; sourceTree = "<group>"; };
		1001D9E7222E0BD000E5EBEF /* ViewController.h */ = {isa = PBXFileReference; lastKnownFileType = sourcecode.c.h; path = ViewController.h; sourceTree = "<group>"; };
		1001D9E8222E0BD000E5EBEF /* ViewController.m */ = {isa = PBXFileReference; lastKnownFileType = sourcecode.c.objc; path = ViewController.m; sourceTree = "<group>"; };
		1001D9EB222E0BD000E5EBEF /* Base */ = {isa = PBXFileReference; lastKnownFileType = file.storyboard; name = Base; path = Base.lproj/Main.storyboard; sourceTree = "<group>"; };
		1001D9ED222E0BD200E5EBEF /* Assets.xcassets */ = {isa = PBXFileReference; lastKnownFileType = folder.assetcatalog; path = Assets.xcassets; sourceTree = "<group>"; };
		1001D9F0222E0BD200E5EBEF /* Base */ = {isa = PBXFileReference; lastKnownFileType = file.storyboard; name = Base; path = Base.lproj/LaunchScreen.storyboard; sourceTree = "<group>"; };
		1001D9F2222E0BD200E5EBEF /* Info.plist */ = {isa = PBXFileReference; lastKnownFileType = text.plist.xml; path = Info.plist; sourceTree = "<group>"; };
		1001D9F3222E0BD200E5EBEF /* main.m */ = {isa = PBXFileReference; lastKnownFileType = sourcecode.c.objc; path = main.m; sourceTree = "<group>"; };
		1001D9F9222E0BD200E5EBEF /* RunloopLearningTests.xctest */ = {isa = PBXFileReference; explicitFileType = wrapper.cfbundle; includeInIndex = 0; path = RunloopLearningTests.xctest; sourceTree = BUILT_PRODUCTS_DIR; };
		1001D9FD222E0BD200E5EBEF /* RunloopLearningTests.m */ = {isa = PBXFileReference; lastKnownFileType = sourcecode.c.objc; path = RunloopLearningTests.m; sourceTree = "<group>"; };
		1001D9FF222E0BD200E5EBEF /* Info.plist */ = {isa = PBXFileReference; lastKnownFileType = text.plist.xml; path = Info.plist; sourceTree = "<group>"; };
		10F2DB562396328D00BA107A /* HCUncaughtExceptionHandler.h */ = {isa = PBXFileReference; lastKnownFileType = sourcecode.c.h; path = HCUncaughtExceptionHandler.h; sourceTree = "<group>"; };
		10F2DB572396328D00BA107A /* HCUncaughtExceptionHandler.m */ = {isa = PBXFileReference; lastKnownFileType = sourcecode.c.objc; path = HCUncaughtExceptionHandler.m; sourceTree = "<group>"; };
		10F2DB592396630A00BA107A /* HCSignalHandler.h */ = {isa = PBXFileReference; lastKnownFileType = sourcecode.c.h; path = HCSignalHandler.h; sourceTree = "<group>"; };
		10F2DB5A2396630A00BA107A /* HCSignalHandler.m */ = {isa = PBXFileReference; lastKnownFileType = sourcecode.c.objc; path = HCSignalHandler.m; sourceTree = "<group>"; };
		24C2EDACB72D839E8F6D7652 /* libPods-RunloopLearning.a */ = {isa = PBXFileReference; explicitFileType = archive.ar; includeInIndex = 0; path = "libPods-RunloopLearning.a"; sourceTree = BUILT_PRODUCTS_DIR; };
		33ECF7316F712EF91FFDDEAB /* Pods-RunloopLearning.release.xcconfig */ = {isa = PBXFileReference; includeInIndex = 1; lastKnownFileType = text.xcconfig; name = "Pods-RunloopLearning.release.xcconfig"; path = "Target Support Files/Pods-RunloopLearning/Pods-RunloopLearning.release.xcconfig"; sourceTree = "<group>"; };
		99063522C5DDC7559C5FB504 /* Pods-RunloopLearning.debug.xcconfig */ = {isa = PBXFileReference; includeInIndex = 1; lastKnownFileType = text.xcconfig; name = "Pods-RunloopLearning.debug.xcconfig"; path = "Target Support Files/Pods-RunloopLearning/Pods-RunloopLearning.debug.xcconfig"; sourceTree = "<group>"; };
/* End PBXFileReference section */

/* Begin PBXFrameworksBuildPhase section */
		1001D9DE222E0BD000E5EBEF /* Frameworks */ = {
			isa = PBXFrameworksBuildPhase;
			buildActionMask = 2147483647;
			files = (
				04EDDC1F1BFB189642B595DB /* libPods-RunloopLearning.a in Frameworks */,
			);
			runOnlyForDeploymentPostprocessing = 0;
		};
		1001D9F6222E0BD200E5EBEF /* Frameworks */ = {
			isa = PBXFrameworksBuildPhase;
			buildActionMask = 2147483647;
			files = (
			);
			runOnlyForDeploymentPostprocessing = 0;
		};
/* End PBXFrameworksBuildPhase section */

/* Begin PBXGroup section */
		1001D9D8222E0BD000E5EBEF = {
			isa = PBXGroup;
			children = (
				1001D9E3222E0BD000E5EBEF /* RunloopLearning */,
				1001D9FC222E0BD200E5EBEF /* RunloopLearningTests */,
				1001D9E2222E0BD000E5EBEF /* Products */,
				A786FCB893DA99A2136431F8 /* Pods */,
				B8C42DC4F6C99275F69C6B02 /* Frameworks */,
			);
			sourceTree = "<group>";
		};
		1001D9E2222E0BD000E5EBEF /* Products */ = {
			isa = PBXGroup;
			children = (
				1001D9E1222E0BD000E5EBEF /* RunloopLearning.app */,
				1001D9F9222E0BD200E5EBEF /* RunloopLearningTests.xctest */,
			);
			name = Products;
			sourceTree = "<group>";
		};
		1001D9E3222E0BD000E5EBEF /* RunloopLearning */ = {
			isa = PBXGroup;
			children = (
				10F2DB55239631A700BA107A /* ExceptionHandle */,
				1001D9E4222E0BD000E5EBEF /* AppDelegate.h */,
				1001D9E5222E0BD000E5EBEF /* AppDelegate.m */,
				1001D9E7222E0BD000E5EBEF /* ViewController.h */,
				1001D9E8222E0BD000E5EBEF /* ViewController.m */,
				1001D9EA222E0BD000E5EBEF /* Main.storyboard */,
				1001D9ED222E0BD200E5EBEF /* Assets.xcassets */,
				1001D9EF222E0BD200E5EBEF /* LaunchScreen.storyboard */,
				1001D9F2222E0BD200E5EBEF /* Info.plist */,
				1001D9F3222E0BD200E5EBEF /* main.m */,
			);
			path = RunloopLearning;
			sourceTree = "<group>";
		};
		1001D9FC222E0BD200E5EBEF /* RunloopLearningTests */ = {
			isa = PBXGroup;
			children = (
				1001D9FD222E0BD200E5EBEF /* RunloopLearningTests.m */,
				1001D9FF222E0BD200E5EBEF /* Info.plist */,
			);
			path = RunloopLearningTests;
			sourceTree = "<group>";
		};
		10F2DB55239631A700BA107A /* ExceptionHandle */ = {
			isa = PBXGroup;
			children = (
				10F2DB562396328D00BA107A /* HCUncaughtExceptionHandler.h */,
				10F2DB572396328D00BA107A /* HCUncaughtExceptionHandler.m */,
				10F2DB592396630A00BA107A /* HCSignalHandler.h */,
				10F2DB5A2396630A00BA107A /* HCSignalHandler.m */,
			);
			path = ExceptionHandle;
			sourceTree = "<group>";
		};
		A786FCB893DA99A2136431F8 /* Pods */ = {
			isa = PBXGroup;
			children = (
				99063522C5DDC7559C5FB504 /* Pods-RunloopLearning.debug.xcconfig */,
				33ECF7316F712EF91FFDDEAB /* Pods-RunloopLearning.release.xcconfig */,
			);
			path = Pods;
			sourceTree = "<group>";
		};
		B8C42DC4F6C99275F69C6B02 /* Frameworks */ = {
			isa = PBXGroup;
			children = (
				24C2EDACB72D839E8F6D7652 /* libPods-RunloopLearning.a */,
			);
			name = Frameworks;
			sourceTree = "<group>";
		};
/* End PBXGroup section */

/* Begin PBXNativeTarget section */
		1001D9E0222E0BD000E5EBEF /* RunloopLearning */ = {
			isa = PBXNativeTarget;
			buildConfigurationList = 1001DA02222E0BD200E5EBEF /* Build configuration list for PBXNativeTarget "RunloopLearning" */;
			buildPhases = (
				4023BD397A68FAEF2AA6A422 /* [CP] Check Pods Manifest.lock */,
				1001D9DD222E0BD000E5EBEF /* Sources */,
				1001D9DE222E0BD000E5EBEF /* Frameworks */,
				1001D9DF222E0BD000E5EBEF /* Resources */,
			);
			buildRules = (
			);
			dependencies = (
			);
			name = RunloopLearning;
			productName = RunloopLearning;
			productReference = 1001D9E1222E0BD000E5EBEF /* RunloopLearning.app */;
			productType = "com.apple.product-type.application";
		};
		1001D9F8222E0BD200E5EBEF /* RunloopLearningTests */ = {
			isa = PBXNativeTarget;
			buildConfigurationList = 1001DA05222E0BD200E5EBEF /* Build configuration list for PBXNativeTarget "RunloopLearningTests" */;
			buildPhases = (
				1001D9F5222E0BD200E5EBEF /* Sources */,
				1001D9F6222E0BD200E5EBEF /* Frameworks */,
				1001D9F7222E0BD200E5EBEF /* Resources */,
			);
			buildRules = (
			);
			dependencies = (
				1001D9FB222E0BD200E5EBEF /* PBXTargetDependency */,
			);
			name = RunloopLearningTests;
			productName = RunloopLearningTests;
			productReference = 1001D9F9222E0BD200E5EBEF /* RunloopLearningTests.xctest */;
			productType = "com.apple.product-type.bundle.unit-test";
		};
/* End PBXNativeTarget section */

/* Begin PBXProject section */
		1001D9D9222E0BD000E5EBEF /* Project object */ = {
			isa = PBXProject;
			attributes = {
				LastUpgradeCheck = 1010;
				ORGANIZATIONNAME = hechao;
				TargetAttributes = {
					1001D9E0222E0BD000E5EBEF = {
						CreatedOnToolsVersion = 10.1;
					};
					1001D9F8222E0BD200E5EBEF = {
						CreatedOnToolsVersion = 10.1;
						TestTargetID = 1001D9E0222E0BD000E5EBEF;
					};
				};
			};
			buildConfigurationList = 1001D9DC222E0BD000E5EBEF /* Build configuration list for PBXProject "RunloopLearning" */;
			compatibilityVersion = "Xcode 9.3";
			developmentRegion = en;
			hasScannedForEncodings = 0;
			knownRegions = (
				en,
				Base,
			);
			mainGroup = 1001D9D8222E0BD000E5EBEF;
			productRefGroup = 1001D9E2222E0BD000E5EBEF /* Products */;
			projectDirPath = "";
			projectRoot = "";
			targets = (
				1001D9E0222E0BD000E5EBEF /* RunloopLearning */,
				1001D9F8222E0BD200E5EBEF /* RunloopLearningTests */,
			);
		};
/* End PBXProject section */

/* Begin PBXResourcesBuildPhase section */
		1001D9DF222E0BD000E5EBEF /* Resources */ = {
			isa = PBXResourcesBuildPhase;
			buildActionMask = 2147483647;
			files = (
				1001D9F1222E0BD200E5EBEF /* LaunchScreen.storyboard in Resources */,
				1001D9EE222E0BD200E5EBEF /* Assets.xcassets in Resources */,
				1001D9EC222E0BD000E5EBEF /* Main.storyboard in Resources */,
			);
			runOnlyForDeploymentPostprocessing = 0;
		};
		1001D9F7222E0BD200E5EBEF /* Resources */ = {
			isa = PBXResourcesBuildPhase;
			buildActionMask = 2147483647;
			files = (
			);
			runOnlyForDeploymentPostprocessing = 0;
		};
/* End PBXResourcesBuildPhase section */

/* Begin PBXShellScriptBuildPhase section */
		4023BD397A68FAEF2AA6A422 /* [CP] Check Pods Manifest.lock */ = {
			isa = PBXShellScriptBuildPhase;
			buildActionMask = 2147483647;
			files = (
			);
			inputFileListPaths = (
			);
			inputPaths = (
				"${PODS_PODFILE_DIR_PATH}/Podfile.lock",
				"${PODS_ROOT}/Manifest.lock",
			);
			name = "[CP] Check Pods Manifest.lock";
			outputFileListPaths = (
			);
			outputPaths = (
				"$(DERIVED_FILE_DIR)/Pods-RunloopLearning-checkManifestLockResult.txt",
			);
			runOnlyForDeploymentPostprocessing = 0;
			shellPath = /bin/sh;
			shellScript = "diff \"${PODS_PODFILE_DIR_PATH}/Podfile.lock\" \"${PODS_ROOT}/Manifest.lock\" > /dev/null\nif [ $? != 0 ] ; then\n    # print error to STDERR\n    echo \"error: The sandbox is not in sync with the Podfile.lock. Run 'pod install' or update your CocoaPods installation.\" >&2\n    exit 1\nfi\n# This output is used by Xcode 'outputs' to avoid re-running this script phase.\necho \"SUCCESS\" > \"${SCRIPT_OUTPUT_FILE_0}\"\n";
			showEnvVarsInLog = 0;
		};
/* End PBXShellScriptBuildPhase section */

/* Begin PBXSourcesBuildPhase section */
		1001D9DD222E0BD000E5EBEF /* Sources */ = {
			isa = PBXSourcesBuildPhase;
			buildActionMask = 2147483647;
			files = (
				1001D9E9222E0BD000E5EBEF /* ViewController.m in Sources */,
				1001D9F4222E0BD200E5EBEF /* main.m in Sources */,
				10F2DB5B2396630A00BA107A /* HCSignalHandler.m in Sources */,
				1001D9E6222E0BD000E5EBEF /* AppDelegate.m in Sources */,
				10F2DB582396328D00BA107A /* HCUncaughtExceptionHandler.m in Sources */,
			);
			runOnlyForDeploymentPostprocessing = 0;
		};
		1001D9F5222E0BD200E5EBEF /* Sources */ = {
			isa = PBXSourcesBuildPhase;
			buildActionMask = 2147483647;
			files = (
				1001D9FE222E0BD200E5EBEF /* RunloopLearningTests.m in Sources */,
			);
			runOnlyForDeploymentPostprocessing = 0;
		};
/* End PBXSourcesBuildPhase section */

/* Begin PBXTargetDependency section */
		1001D9FB222E0BD200E5EBEF /* PBXTargetDependency */ = {
			isa = PBXTargetDependency;
			target = 1001D9E0222E0BD000E5EBEF /* RunloopLearning */;
			targetProxy = 1001D9FA222E0BD200E5EBEF /* PBXContainerItemProxy */;
		};
/* End PBXTargetDependency section */

/* Begin PBXVariantGroup section */
		1001D9EA222E0BD000E5EBEF /* Main.storyboard */ = {
			isa = PBXVariantGroup;
			children = (
				1001D9EB222E0BD000E5EBEF /* Base */,
			);
			name = Main.storyboard;
			sourceTree = "<group>";
		};
		1001D9EF222E0BD200E5EBEF /* LaunchScreen.storyboard */ = {
			isa = PBXVariantGroup;
			children = (
				1001D9F0222E0BD200E5EBEF /* Base */,
			);
			name = LaunchScreen.storyboard;
			sourceTree = "<group>";
		};
/* End PBXVariantGroup section */

/* Begin XCBuildConfiguration section */
		1001DA00222E0BD200E5EBEF /* Debug */ = {
			isa = XCBuildConfiguration;
			buildSettings = {
				ALWAYS_SEARCH_USER_PATHS = NO;
				CLANG_ANALYZER_NONNULL = YES;
				CLANG_ANALYZER_NUMBER_OBJECT_CONVERSION = YES_AGGRESSIVE;
				CLANG_CXX_LANGUAGE_STANDARD = "gnu++14";
				CLANG_CXX_LIBRARY = "libc++";
				CLANG_ENABLE_MODULES = YES;
				CLANG_ENABLE_OBJC_ARC = YES;
				CLANG_ENABLE_OBJC_WEAK = YES;
				CLANG_WARN_BLOCK_CAPTURE_AUTORELEASING = YES;
				CLANG_WARN_BOOL_CONVERSION = YES;
				CLANG_WARN_COMMA = YES;
				CLANG_WARN_CONSTANT_CONVERSION = YES;
				CLANG_WARN_DEPRECATED_OBJC_IMPLEMENTATIONS = YES;
				CLANG_WARN_DIRECT_OBJC_ISA_USAGE = YES_ERROR;
				CLANG_WARN_DOCUMENTATION_COMMENTS = YES;
				CLANG_WARN_EMPTY_BODY = YES;
				CLANG_WARN_ENUM_CONVERSION = YES;
				CLANG_WARN_INFINITE_RECURSION = YES;
				CLANG_WARN_INT_CONVERSION = YES;
				CLANG_WARN_NON_LITERAL_NULL_CONVERSION = YES;
				CLANG_WARN_OBJC_IMPLICIT_RETAIN_SELF = YES;
				CLANG_WARN_OBJC_LITERAL_CONVERSION = YES;
				CLANG_WARN_OBJC_ROOT_CLASS = YES_ERROR;
				CLANG_WARN_RANGE_LOOP_ANALYSIS = YES;
				CLANG_WARN_STRICT_PROTOTYPES = YES;
				CLANG_WARN_SUSPICIOUS_MOVE = YES;
				CLANG_WARN_UNGUARDED_AVAILABILITY = YES_AGGRESSIVE;
				CLANG_WARN_UNREACHABLE_CODE = YES;
				CLANG_WARN__DUPLICATE_METHOD_MATCH = YES;
				CODE_SIGN_IDENTITY = "iPhone Developer";
				COPY_PHASE_STRIP = NO;
				DEBUG_INFORMATION_FORMAT = dwarf;
				ENABLE_STRICT_OBJC_MSGSEND = YES;
				ENABLE_TESTABILITY = YES;
				GCC_C_LANGUAGE_STANDARD = gnu11;
				GCC_DYNAMIC_NO_PIC = NO;
				GCC_NO_COMMON_BLOCKS = YES;
				GCC_OPTIMIZATION_LEVEL = 0;
				GCC_PREPROCESSOR_DEFINITIONS = (
					"DEBUG=1",
					"$(inherited)",
				);
				GCC_WARN_64_TO_32_BIT_CONVERSION = YES;
				GCC_WARN_ABOUT_RETURN_TYPE = YES_ERROR;
				GCC_WARN_UNDECLARED_SELECTOR = YES;
				GCC_WARN_UNINITIALIZED_AUTOS = YES_AGGRESSIVE;
				GCC_WARN_UNUSED_FUNCTION = YES;
				GCC_WARN_UNUSED_VARIABLE = YES;
				IPHONEOS_DEPLOYMENT_TARGET = 12.1;
				MTL_ENABLE_DEBUG_INFO = INCLUDE_SOURCE;
				MTL_FAST_MATH = YES;
				ONLY_ACTIVE_ARCH = YES;
				SDKROOT = iphoneos;
			};
			name = Debug;
		};
		1001DA01222E0BD200E5EBEF /* Release */ = {
			isa = XCBuildConfiguration;
			buildSettings = {
				ALWAYS_SEARCH_USER_PATHS = NO;
				CLANG_ANALYZER_NONNULL = YES;
				CLANG_ANALYZER_NUMBER_OBJECT_CONVERSION = YES_AGGRESSIVE;
				CLANG_CXX_LANGUAGE_STANDARD = "gnu++14";
				CLANG_CXX_LIBRARY = "libc++";
				CLANG_ENABLE_MODULES = YES;
				CLANG_ENABLE_OBJC_ARC = YES;
				CLANG_ENABLE_OBJC_WEAK = YES;
				CLANG_WARN_BLOCK_CAPTURE_AUTORELEASING = YES;
				CLANG_WARN_BOOL_CONVERSION = YES;
				CLANG_WARN_COMMA = YES;
				CLANG_WARN_CONSTANT_CONVERSION = YES;
				CLANG_WARN_DEPRECATED_OBJC_IMPLEMENTATIONS = YES;
				CLANG_WARN_DIRECT_OBJC_ISA_USAGE = YES_ERROR;
				CLANG_WARN_DOCUMENTATION_COMMENTS = YES;
				CLANG_WARN_EMPTY_BODY = YES;
				CLANG_WARN_ENUM_CONVERSION = YES;
				CLANG_WARN_INFINITE_RECURSION = YES;
				CLANG_WARN_INT_CONVERSION = YES;
				CLANG_WARN_NON_LITERAL_NULL_CONVERSION = YES;
				CLANG_WARN_OBJC_IMPLICIT_RETAIN_SELF = YES;
				CLANG_WARN_OBJC_LITERAL_CONVERSION = YES;
				CLANG_WARN_OBJC_ROOT_CLASS = YES_ERROR;
				CLANG_WARN_RANGE_LOOP_ANALYSIS = YES;
				CLANG_WARN_STRICT_PROTOTYPES = YES;
				CLANG_WARN_SUSPICIOUS_MOVE = YES;
				CLANG_WARN_UNGUARDED_AVAILABILITY = YES_AGGRESSIVE;
				CLANG_WARN_UNREACHABLE_CODE = YES;
				CLANG_WARN__DUPLICATE_METHOD_MATCH = YES;
				CODE_SIGN_IDENTITY = "iPhone Developer";
				COPY_PHASE_STRIP = NO;
				DEBUG_INFORMATION_FORMAT = "dwarf-with-dsym";
				ENABLE_NS_ASSERTIONS = NO;
				ENABLE_STRICT_OBJC_MSGSEND = YES;
				GCC_C_LANGUAGE_STANDARD = gnu11;
				GCC_NO_COMMON_BLOCKS = YES;
				GCC_WARN_64_TO_32_BIT_CONVERSION = YES;
				GCC_WARN_ABOUT_RETURN_TYPE = YES_ERROR;
				GCC_WARN_UNDECLARED_SELECTOR = YES;
				GCC_WARN_UNINITIALIZED_AUTOS = YES_AGGRESSIVE;
				GCC_WARN_UNUSED_FUNCTION = YES;
				GCC_WARN_UNUSED_VARIABLE = YES;
				IPHONEOS_DEPLOYMENT_TARGET = 12.1;
				MTL_ENABLE_DEBUG_INFO = NO;
				MTL_FAST_MATH = YES;
				SDKROOT = iphoneos;
				VALIDATE_PRODUCT = YES;
			};
			name = Release;
		};
		1001DA03222E0BD200E5EBEF /* Debug */ = {
			isa = XCBuildConfiguration;
			baseConfigurationReference = 99063522C5DDC7559C5FB504 /* Pods-RunloopLearning.debug.xcconfig */;
			buildSettings = {
				ASSETCATALOG_COMPILER_APPICON_NAME = AppIcon;
				CODE_SIGN_STYLE = Automatic;
				DEVELOPMENT_TEAM = L2ZY2L7GYS;
				INFOPLIST_FILE = RunloopLearning/Info.plist;
				LD_RUNPATH_SEARCH_PATHS = (
					"$(inherited)",
					"@executable_path/Frameworks",
				);
				PRODUCT_BUNDLE_IDENTIFIER = hc.RunloopLearning;
				PRODUCT_NAME = "$(TARGET_NAME)";
				TARGETED_DEVICE_FAMILY = "1,2";
			};
			name = Debug;
		};
		1001DA04222E0BD200E5EBEF /* Release */ = {
			isa = XCBuildConfiguration;
			baseConfigurationReference = 33ECF7316F712EF91FFDDEAB /* Pods-RunloopLearning.release.xcconfig */;
			buildSettings = {
				ASSETCATALOG_COMPILER_APPICON_NAME = AppIcon;
				CODE_SIGN_STYLE = Automatic;
				DEVELOPMENT_TEAM = L2ZY2L7GYS;
				INFOPLIST_FILE = RunloopLearning/Info.plist;
				LD_RUNPATH_SEARCH_PATHS = (
					"$(inherited)",
					"@executable_path/Frameworks",
				);
				PRODUCT_BUNDLE_IDENTIFIER = hc.RunloopLearning;
				PRODUCT_NAME = "$(TARGET_NAME)";
				TARGETED_DEVICE_FAMILY = "1,2";
			};
			name = Release;
		};
		1001DA06222E0BD200E5EBEF /* Debug */ = {
			isa = XCBuildConfiguration;
			buildSettings = {
				BUNDLE_LOADER = "$(TEST_HOST)";
				CODE_SIGN_STYLE = Automatic;
				DEVELOPMENT_TEAM = L2ZY2L7GYS;
				INFOPLIST_FILE = RunloopLearningTests/Info.plist;
				LD_RUNPATH_SEARCH_PATHS = (
					"$(inherited)",
					"@executable_path/Frameworks",
					"@loader_path/Frameworks",
				);
				PRODUCT_BUNDLE_IDENTIFIER = hc.RunloopLearningTests;
				PRODUCT_NAME = "$(TARGET_NAME)";
				TARGETED_DEVICE_FAMILY = "1,2";
				TEST_HOST = "$(BUILT_PRODUCTS_DIR)/RunloopLearning.app/RunloopLearning";
			};
			name = Debug;
		};
		1001DA07222E0BD200E5EBEF /* Release */ = {
			isa = XCBuildConfiguration;
			buildSettings = {
				BUNDLE_LOADER = "$(TEST_HOST)";
				CODE_SIGN_STYLE = Automatic;
				DEVELOPMENT_TEAM = L2ZY2L7GYS;
				INFOPLIST_FILE = RunloopLearningTests/Info.plist;
				LD_RUNPATH_SEARCH_PATHS = (
					"$(inherited)",
					"@executable_path/Frameworks",
					"@loader_path/Frameworks",
				);
				PRODUCT_BUNDLE_IDENTIFIER = hc.RunloopLearningTests;
				PRODUCT_NAME = "$(TARGET_NAME)";
				TARGETED_DEVICE_FAMILY = "1,2";
				TEST_HOST = "$(BUILT_PRODUCTS_DIR)/RunloopLearning.app/RunloopLearning";
			};
			name = Release;
		};
/* End XCBuildConfiguration section */

/* Begin XCConfigurationList section */
		1001D9DC222E0BD000E5EBEF /* Build configuration list for PBXProject "RunloopLearning" */ = {
			isa = XCConfigurationList;
			buildConfigurations = (
				1001DA00222E0BD200E5EBEF /* Debug */,
				1001DA01222E0BD200E5EBEF /* Release */,
			);
			defaultConfigurationIsVisible = 0;
			defaultConfigurationName = Release;
		};
		1001DA02222E0BD200E5EBEF /* Build configuration list for PBXNativeTarget "RunloopLearning" */ = {
			isa = XCConfigurationList;
			buildConfigurations = (
				1001DA03222E0BD200E5EBEF /* Debug */,
				1001DA04222E0BD200E5EBEF /* Release */,
			);
			defaultConfigurationIsVisible = 0;
			defaultConfigurationName = Release;
		};
		1001DA05222E0BD200E5EBEF /* Build configuration list for PBXNativeTarget "RunloopLearningTests" */ = {
			isa = XCConfigurationList;
			buildConfigurations = (
				1001DA06222E0BD200E5EBEF /* Debug */,
				1001DA07222E0BD200E5EBEF /* Release */,
			);
			defaultConfigurationIsVisible = 0;
			defaultConfigurationName = Release;
		};
/* End XCConfigurationList section */
	};
	rootObject = 1001D9D9222E0BD000E5EBEF /* Project object */;
}
